{
  "lockfile_version": "1",
  "packages": {
    "actionlint@1.7.12": {
      "last_modified": "2026-08-01T16:34:20Z",
      "resolved": "github:NixOS/nixpkgs/a5cbcfe954791221bfffe2307f7d1a1bf61a871e#actionlint",
      "source": "devbox-search",
      "version": "1.7.12",
      "systems": {
        "aarch64-darwin": {
          "outputs": [
            {
              "name": "out",
              "path": "/nix/store/l88fm1fh4i2nv2f3nx1gsyf92g4fma0i-actionlint-1.7.12",
              "default": true
            }
          ],
          "store_path": "/nix/store/l88fm1fh4i2nv2f3nx1gsyf92g4fma0i-actionlint-1.7.12"
        },
        "aarch64-linux": {
          "outputs": [
            {
              "name": "out",
              "path": "/nix/store/ng89mfyl4bkykgnvqcnzl2pyisybhkzd-actionlint-1.7.12",
              "default": true
            }
          ],
          "store_path": "/nix/store/ng89mfyl4bkykgnvqcnzl2pyisybhkzd-actionlint-1.7.12"
        },
        "x86_64-darwin": {
          "outputs": [
            {
              "name": "out",
              "path": "/nix/store/w4rjv0ikr5r5x54w758c8ck2016nmzsx-actionlint-1.7.12",
              "default": true
            }
          ],
          "store_path": "/nix/store/w4rjv0ikr5r5x54w758c8ck2016nmzsx-actionlint-1.7.12"
        },
        "x86_64-linux": {
          "outputs": [
            {
              "name": "out",
              "path": "/nix/store/gsa888rwb1bbicfw87y6bsvbfcxcl073-actionlint-1.7.12",
              "default": true
            }
          ],
          "store_path": "/nix/store/gsa888rwb1bbicfw87y6bsvbfcxcl073-actionlint-1.7.12"
        }
      }
    },
    "bun@1.3.13": {
      "last_modified": "2026-08-01T16:34:20Z",
      "resolved": "github:NixOS/nixpkgs/a5cbcfe954791221bfffe2307f7d1a1bf61a871e#bun",
      "source": "devbox-search",
      "version": "1.3.13",
      "systems": {
        "aarch64-darwin": {
          "outputs": [
            {
              "name": "out",
              "path": "/nix/store/f2lm68vnka4nz9wdz60vbmymnpv63f1x-bun-1.3.13",
              "default": true
            }
          ],
          "store_path": "/nix/store/f2lm68vnka4nz9wdz60vbmymnpv63f1x-bun-1.3.13"
        },
        "aarch64-linux": {
          "outputs": [
            {
              "name": "out",
              "path": "/nix/store/pm8kj4ysqkf8b53yyi3576kwd23q0x23-bun-1.3.13",
              "default": true
            }
          ],
          "store_path": "/nix/store/pm8kj4ysqkf8b53yyi3576kwd23q0x23-bun-1.3.13"
        },
        "x86_64-darwin": {
          "outputs": [
            {
              "name": "out",
              "path": "/nix/store/wn9cggwqflvqryxxb9xinl9iygndm8d9-bun-1.3.13",
              "default": true
            }
          ],
          "store_path": "/nix/store/wn9cggwqflvqryxxb9xinl9iygndm8d9-bun-1.3.13"
        },
        "x86_64-linux": {
          "outputs": [
            {
              "name": "out",
              "path": "/nix/store/sav1jc5c2axarnzif94rkm8byc6zw0kb-bun-1.3.13",
              "default": true
            }
          ],
          "store_path": "/nix/store/sav1jc5c2axarnzif94rkm8byc6zw0kb-bun-1.3.13"
        }
      }
    },
    "github:NixOS/nixpkgs/nixpkgs-unstable": {
      "last_modified": "2026-08-03T09:05:39Z",
      "resolved": "github:NixOS/nixpkgs/104240a772428cc2e20d8fd86c9ddbb886bbaff2?lastModified=1785747939"
    },
    "gitleaks@8.30.1": {
      "last_modified": "2026-08-01T16:34:20Z",
      "resolved": "github:NixOS/nixpkgs/a5cbcfe954791221bfffe2307f7d1a1bf61a871e#gitleaks",
      "source": "devbox-search",
      "version": "8.30.1",
      "systems": {
        "aarch64-darwin": {
          "outputs": [
            {
              "name": "out",
              "path": "/nix/store/cd1mdfxh9fkan85xfvfszp09z0pnrw92-gitleaks-8.30.1",
              "default": true
            }
          ],
          "store_path": "/nix/store/cd1mdfxh9fkan85xfvfszp09z0pnrw92-gitleaks-8.30.1"
        },
        "aarch64-linux": {
          "outputs": [
            {
              "name": "out",
              "path": "/nix/store/5ag1lvwd0faajnd1isazrjlmbys928x9-gitleaks-8.30.1",
              "default": true
            }
          ],
          "store_path": "/nix/store/5ag1lvwd0faajnd1isazrjlmbys928x9-gitleaks-8.30.1"
        },
        "x86_64-darwin": {
          "outputs": [
            {
              "name": "out",
              "path": "/nix/store/v5x4dkl13y4nxhcaq4xmrwkidy44gv9p-gitleaks-8.30.1",
              "default": true
            }
          ],
          "store_path": "/nix/store/v5x4dkl13y4nxhcaq4xmrwkidy44gv9p-gitleaks-8.30.1"
        },
        "x86_64-linux": {
          "outputs": [
            {
              "name": "out",
              "path": "/nix/store/fqjnjyp0l2ifa6a0pkc6v9v9l8ygwhkn-gitleaks-8.30.1",
              "default": true
            }
          ],
          "store_path": "/nix/store/fqjnjyp0l2ifa6a0pkc6v9v9l8ygwhkn-gitleaks-8.30.1"
        }
      }
    },
    "pre-commit@4.5.1": {
      "last_modified": "2026-08-01T16:34:20Z",
      "resolved": "github:NixOS/nixpkgs/a5cbcfe954791221bfffe2307f7d1a1bf61a871e#pre-commit",
      "source": "devbox-search",
      "version": "4.5.1",
      "systems": {
        "aarch64-darwin": {
          "outputs": [
            {
              "name": "out",
              "path": "/nix/store/vmgvgxg2gkbw1xnw6531fgyvd86472yj-pre-commit-4.5.1",
              "default": true
            },
            {
              "name": "dist",
              "path": "/nix/store/4rdwkcdf5607g5h5g6cmz3adnhpdv31w-pre-commit-4.5.1-dist"
            }
          ],
          "store_path": "/nix/store/vmgvgxg2gkbw1xnw6531fgyvd86472yj-pre-commit-4.5.1"
        },
        "aarch64-linux": {
          "outputs": [
            {
              "name": "out",
              "path": "/nix/store/6g08bbrl95q9jkpkpc5nqqgy68xyg6k5-pre-commit-4.5.1",
              "default": true
            },
            {
              "name": "dist",
              "path": "/nix/store/c93jvsbqx95lv5q3k6vz80i7vlbxlr7x-pre-commit-4.5.1-dist"
            }
          ],
          "store_path": "/nix/store/6g08bbrl95q9jkpkpc5nqqgy68xyg6k5-pre-commit-4.5.1"
        },
        "x86_64-darwin": {
          "outputs": [
            {
              "name": "out",
              "path": "/nix/store/51i9rjiyhdnxd96rp3cc8ykhcld7zhqq-pre-commit-4.5.1",
              "default": true
            },
            {
              "name": "dist",
              "path": "/nix/store/hphzzlh3q6nz74px0mq2a1h7yqkyr35b-pre-commit-4.5.1-dist"
            }
          ],
          "store_path": "/nix/store/51i9rjiyhdnxd96rp3cc8ykhcld7zhqq-pre-commit-4.5.1"
        },
        "x86_64-linux": {
          "outputs": [
            {
              "name": "out",
              "path": "/nix/store/swjb3sk5kh2wna8ykb16gxm967x0lhdp-pre-commit-4.5.1",
              "default": true
            },
            {
              "name": "dist",
              "path": "/nix/store/drsz0r6fzvy6vwyya1b2d65mshbfz3m3-pre-commit-4.5.1-dist"
            }
          ],
          "store_path": "/nix/store/swjb3sk5kh2wna8ykb16gxm967x0lhdp-pre-commit-4.5.1"
        }
      }
    },
    "semgrep@1.164.0": {
      "last_modified": "2026-08-01T16:34:20Z",
      "resolved": "github:NixOS/nixpkgs/a5cbcfe954791221bfffe2307f7d1a1bf61a871e#semgrep",
      "source": "devbox-search",
      "version": "1.164.0",
      "systems": {
        "aarch64-darwin": {
          "outputs": [
            {
              "name": "out",
              "path": "/nix/store/9ywcwl74afwr1vxxdxffr9phvibc9a2p-python3.14-semgrep-1.164.0",
              "default": true
            },
            {
              "name": "dist",
              "path": "/nix/store/cf9ypvrsiqav28kh5r2a9w9cz8jczwd0-python3.14-semgrep-1.164.0-dist"
            }
          ],
          "store_path": "/nix/store/9ywcwl74afwr1vxxdxffr9phvibc9a2p-python3.14-semgrep-1.164.0"
        },
        "aarch64-linux": {
          "outputs": [
            {
              "name": "out",
              "path": "/nix/store/7imkmzldg6kkym4ynd62xzqg3579hvl7-python3.14-semgrep-1.164.0",
              "default": true
            },
            {
              "name": "dist",
              "path": "/nix/store/786gkrjvvfjjv34nclm2mxfr827in70d-python3.14-semgrep-1.164.0-dist"
            }
          ],
          "store_path": "/nix/store/7imkmzldg6kkym4ynd62xzqg3579hvl7-python3.14-semgrep-1.164.0"
        },
        "x86_64-darwin": {
          "outputs": [
            {
              "name": "out",
              "path": "/nix/store/6klszygi2cz76akrm6ab09pzdn0y0vf8-python3.13-semgrep-1.164.0",
              "default": true
            },
            {
              "name": "dist",
              "path": "/nix/store/9f9lk0ayas0s1hqkrj7wcfnn730iy6fy-python3.13-semgrep-1.164.0-dist"
            }
          ],
          "store_path": "/nix/store/6klszygi2cz76akrm6ab09pzdn0y0vf8-python3.13-semgrep-1.164.0"
        },
        "x86_64-linux": {
          "outputs": [
            {
              "name": "out",
              "path": "/nix/store/0lllqvk7pssr30fmlzpbhig78gl8kjbg-python3.14-semgrep-1.164.0",
              "default": true
            },
            {
              "name": "dist",
              "path": "/nix/store/gmxldnsadh65q1kc6axdaar7jvz8l4mk-python3.14-semgrep-1.164.0-dist"
            }
          ],
          "store_path": "/nix/store/0lllqvk7pssr30fmlzpbhig78gl8kjbg-python3.14-semgrep-1.164.0"
        }
      }
    },
    "uv@0.12.1": {
      "last_modified": "2026-08-01T16:34:20Z",
      "resolved": "github:NixOS/nixpkgs/a5cbcfe954791221bfffe2307f7d1a1bf61a871e#uv",
      "source": "devbox-search",
      "version": "0.12.1",
      "systems": {
        "aarch64-darwin": {
          "outputs": [
            {
              "name": "out",
              "path": "/nix/store/hnmvqbh6zd1v0wss6q9ps8j1jp2pfkf0-uv-0.12.1",
              "default": true
            }
          ],
          "store_path": "/nix/store/hnmvqbh6zd1v0wss6q9ps8j1jp2pfkf0-uv-0.12.1"
        },
        "aarch64-linux": {
          "outputs": [
            {
              "name": "out",
              "path": "/nix/store/xn0b6fcg7zzifjjbpzi6bs57nbyjxqn1-uv-0.12.1",
              "default": true
            }
          ],
          "store_path": "/nix/store/xn0b6fcg7zzifjjbpzi6bs57nbyjxqn1-uv-0.12.1"
        },
        "x86_64-linux": {
          "outputs": [
            {
              "name": "out",
              "path": "/nix/store/6fgvwx21832s8ygpzm4x3i29p4ac8gxn-uv-0.12.1",
              "default": true
            }
          ],
          "store_path": "/nix/store/6fgvwx21832s8ygpzm4x3i29p4ac8gxn-uv-0.12.1"
        }
      }
    }
  }
}
